// !$*UTF8*$!
{
	archiveVersion = 1;
	classes = {
	};
	objectVersion = 46;
	objects = {

/* Begin PBXBuildFile section */
		6A48674B17BF862B001468B7 /* GFSFunctions.m in Sources */ = {isa = PBXBuildFile; fileRef = 6A48674A17BF862B001468B7 /* GFSFunctions.m */; };
		6A48674D17BF862B001468B7 /* GFSFunctions.m in Sources */ = {isa = PBXBuildFile; fileRef = 6A48674A17BF862B001468B7 /* GFSFunctions.m */; };
		6A48674E17BF8DB2001468B7 /* gpucalculate_kernel.cl in Sources */ = {isa = PBXBuildFile; fileRef = 6AD4E34317BEB66E00D3A326 /* gpucalculate_kernel.cl */; };
		6A592B2F17C124FD00B6A2C5 /* GFS.h in Sources */ = {isa = PBXBuildFile; fileRef = 6A5F46B017BBEEA500209467 /* GFS.h */; };
		6A592B3E17C1279900B6A2C5 /* DataSet.m in Sources */ = {isa = PBXBuildFile; fileRef = 6A592B3B17C1279900B6A2C5 /* DataSet.m */; };
		6A592B3F17C1279900B6A2C5 /* DataSet.m in Sources */ = {isa = PBXBuildFile; fileRef = 6A592B3B17C1279900B6A2C5 /* DataSet.m */; };
		6A592B4017C1279900B6A2C5 /* DataSet.m in Sources */ = {isa = PBXBuildFile; fileRef = 6A592B3B17C1279900B6A2C5 /* DataSet.m */; };
		6A592B4117C1279900B6A2C5 /* GA.m in Sources */ = {isa = PBXBuildFile; fileRef = 6A592B3D17C1279900B6A2C5 /* GA.m */; };
		6A592B4217C1279900B6A2C5 /* GA.m in Sources */ = {isa = PBXBuildFile; fileRef = 6A592B3D17C1279900B6A2C5 /* GA.m */; };
		6A592B4317C1279900B6A2C5 /* GA.m in Sources */ = {isa = PBXBuildFile; fileRef = 6A592B3D17C1279900B6A2C5 /* GA.m */; };
		6A5F467D17BBEE7500209467 /* Cocoa.framework in Frameworks */ = {isa = PBXBuildFile; fileRef = 6A5F467C17BBEE7500209467 /* Cocoa.framework */; };
		6A5F468717BBEE7500209467 /* InfoPlist.strings in Resources */ = {isa = PBXBuildFile; fileRef = 6A5F468517BBEE7500209467 /* InfoPlist.strings */; };
		6A5F468917BBEE7500209467 /* main.m in Sources */ = {isa = PBXBuildFile; fileRef = 6A5F468817BBEE7500209467 /* main.m */; };
		6A5F468D17BBEE7500209467 /* Credits.rtf in Resources */ = {isa = PBXBuildFile; fileRef = 6A5F468B17BBEE7500209467 /* Credits.rtf */; };
		6A5F469017BBEE7500209467 /* AppDelegate.m in Sources */ = {isa = PBXBuildFile; fileRef = 6A5F468F17BBEE7500209467 /* AppDelegate.m */; };
		6A5F469317BBEE7500209467 /* MainMenu.xib in Resources */ = {isa = PBXBuildFile; fileRef = 6A5F469117BBEE7500209467 /* MainMenu.xib */; };
		6A5F469517BBEE7500209467 /* Images.xcassets in Resources */ = {isa = PBXBuildFile; fileRef = 6A5F469417BBEE7500209467 /* Images.xcassets */; };
		6A5F46B217BBEEA500209467 /* GFS.m in Sources */ = {isa = PBXBuildFile; fileRef = 6A5F46B117BBEEA500209467 /* GFS.m */; };
		6A5F46C017BBEF0500209467 /* InfoPlist.strings in Resources */ = {isa = PBXBuildFile; fileRef = 6A5F46BE17BBEF0500209467 /* InfoPlist.strings */; };
		6A5F46C217BBEF0500209467 /* GFSTests.m in Sources */ = {isa = PBXBuildFile; fileRef = 6A5F46C117BBEF0500209467 /* GFSTests.m */; };
		6A69871D17BF7B9900BE4CC3 /* GPUScheduller.m in Sources */ = {isa = PBXBuildFile; fileRef = 6A69871C17BF7B9900BE4CC3 /* GPUScheduller.m */; };
		6A69871F17BF7B9900BE4CC3 /* GPUScheduller.m in Sources */ = {isa = PBXBuildFile; fileRef = 6A69871C17BF7B9900BE4CC3 /* GPUScheduller.m */; };
		6A69872217BF7C0500BE4CC3 /* SOMA.m in Sources */ = {isa = PBXBuildFile; fileRef = 6A69872117BF7C0500BE4CC3 /* SOMA.m */; };
		6A69872417BF7C0500BE4CC3 /* SOMA.m in Sources */ = {isa = PBXBuildFile; fileRef = 6A69872117BF7C0500BE4CC3 /* SOMA.m */; };
		6A80D0E617BE3830005A464D /* SenTestingKit.framework in Frameworks */ = {isa = PBXBuildFile; fileRef = 6A80D0E517BE3830005A464D /* SenTestingKit.framework */; };
		6AD4E34117BEB5E800D3A326 /* GPU.m in Sources */ = {isa = PBXBuildFile; fileRef = 6AD4E34017BEB5E800D3A326 /* GPU.m */; };
		6AD4E34417BEB66E00D3A326 /* gpucalculate_kernel.cl in Sources */ = {isa = PBXBuildFile; fileRef = 6AD4E34317BEB66E00D3A326 /* gpucalculate_kernel.cl */; };
		6AD4E34717BEB6A500D3A326 /* OpenCL.framework in Frameworks */ = {isa = PBXBuildFile; fileRef = 6AD4E34617BEB6A500D3A326 /* OpenCL.framework */; };
		6AD4E34D17BECC7B00D3A326 /* SenTestingKit.framework in Frameworks */ = {isa = PBXBuildFile; fileRef = 6A80D0E517BE3830005A464D /* SenTestingKit.framework */; };
		6AD4E35317BECC7B00D3A326 /* InfoPlist.strings in Resources */ = {isa = PBXBuildFile; fileRef = 6AD4E35117BECC7B00D3A326 /* InfoPlist.strings */; };
		6AD4E35517BECC7B00D3A326 /* GPUTests.m in Sources */ = {isa = PBXBuildFile; fileRef = 6AD4E35417BECC7B00D3A326 /* GPUTests.m */; };
/* End PBXBuildFile section */

/* Begin PBXContainerItemProxy section */
		6A5F46C417BBEF0500209467 /* PBXContainerItemProxy */ = {
			isa = PBXContainerItemProxy;
			containerPortal = 6A5F467117BBEE7500209467 /* Project object */;
			proxyType = 1;
			remoteGlobalIDString = 6A5F467817BBEE7500209467;
			remoteInfo = SymbolicRegression;
		};
		6AD4E35717BECC7B00D3A326 /* PBXContainerItemProxy */ = {
			isa = PBXContainerItemProxy;
			containerPortal = 6A5F467117BBEE7500209467 /* Project object */;
			proxyType = 1;
			remoteGlobalIDString = 6A5F467817BBEE7500209467;
			remoteInfo = SymbolicRegression;
		};
/* End PBXContainerItemProxy section */

/* Begin PBXFileReference section */
		6A48674917BF862B001468B7 /* GFSFunctions.h */ = {isa = PBXFileReference; fileEncoding = 4; lastKnownFileType = sourcecode.c.h; path = GFSFunctions.h; sourceTree = "<group>"; };
		6A48674A17BF862B001468B7 /* GFSFunctions.m */ = {isa = PBXFileReference; fileEncoding = 4; lastKnownFileType = sourcecode.c.objc; path = GFSFunctions.m; sourceTree = "<group>"; };
		6A592B3A17C1279900B6A2C5 /* DataSet.h */ = {isa = PBXFileReference; fileEncoding = 4; lastKnownFileType = sourcecode.c.h; path = DataSet.h; sourceTree = "<group>"; };
		6A592B3B17C1279900B6A2C5 /* DataSet.m */ = {isa = PBXFileReference; fileEncoding = 4; lastKnownFileType = sourcecode.c.objc; path = DataSet.m; sourceTree = "<group>"; };
		6A592B3C17C1279900B6A2C5 /* GA.h */ = {isa = PBXFileReference; fileEncoding = 4; lastKnownFileType = sourcecode.c.h; path = GA.h; sourceTree = "<group>"; };
		6A592B3D17C1279900B6A2C5 /* GA.m */ = {isa = PBXFileReference; fileEncoding = 4; lastKnownFileType = sourcecode.c.objc; path = GA.m; sourceTree = "<group>"; };
		6A5F467917BBEE7500209467 /* SymbolicRegression.app */ = {isa = PBXFileReference; explicitFileType = wrapper.application; includeInIndex = 0; path = SymbolicRegression.app; sourceTree = BUILT_PRODUCTS_DIR; };
		6A5F467C17BBEE7500209467 /* Cocoa.framework */ = {isa = PBXFileReference; lastKnownFileType = wrapper.framework; name = Cocoa.framework; path = System/Library/Frameworks/Cocoa.framework; sourceTree = SDKROOT; };
		6A5F467F17BBEE7500209467 /* AppKit.framework */ = {isa = PBXFileReference; lastKnownFileType = wrapper.framework; name = AppKit.framework; path = System/Library/Frameworks/AppKit.framework; sourceTree = SDKROOT; };
		6A5F468017BBEE7500209467 /* CoreData.framework */ = {isa = PBXFileReference; lastKnownFileType = wrapper.framework; name = CoreData.framework; path = System/Library/Frameworks/CoreData.framework; sourceTree = SDKROOT; };
		6A5F468117BBEE7500209467 /* Foundation.framework */ = {isa = PBXFileReference; lastKnownFileType = wrapper.framework; name = Foundation.framework; path = System/Library/Frameworks/Foundation.framework; sourceTree = SDKROOT; };
		6A5F468417BBEE7500209467 /* SymbolicRegression-Info.plist */ = {isa = PBXFileReference; lastKnownFileType = text.plist.xml; path = "SymbolicRegression-Info.plist"; sourceTree = "<group>"; };
		6A5F468617BBEE7500209467 /* en */ = {isa = PBXFileReference; lastKnownFileType = text.plist.strings; name = en; path = en.lproj/InfoPlist.strings; sourceTree = "<group>"; };
		6A5F468817BBEE7500209467 /* main.m */ = {isa = PBXFileReference; lastKnownFileType = sourcecode.c.objc; path = main.m; sourceTree = "<group>"; };
		6A5F468A17BBEE7500209467 /* SymbolicRegression-Prefix.pch */ = {isa = PBXFileReference; lastKnownFileType = sourcecode.c.h; path = "SymbolicRegression-Prefix.pch"; sourceTree = "<group>"; };
		6A5F468C17BBEE7500209467 /* en */ = {isa = PBXFileReference; lastKnownFileType = text.rtf; name = en; path = en.lproj/Credits.rtf; sourceTree = "<group>"; };
		6A5F468E17BBEE7500209467 /* AppDelegate.h */ = {isa = PBXFileReference; lastKnownFileType = sourcecode.c.h; path = AppDelegate.h; sourceTree = "<group>"; };
		6A5F468F17BBEE7500209467 /* AppDelegate.m */ = {isa = PBXFileReference; lastKnownFileType = sourcecode.c.objc; path = AppDelegate.m; sourceTree = "<group>"; };
		6A5F469217BBEE7500209467 /* Base */ = {isa = PBXFileReference; lastKnownFileType = file.xib; name = Base; path = Base.lproj/MainMenu.xib; sourceTree = "<group>"; };
		6A5F469417BBEE7500209467 /* Images.xcassets */ = {isa = PBXFileReference; lastKnownFileType = folder.assetcatalog; path = Images.xcassets; sourceTree = "<group>"; };
		6A5F46B017BBEEA500209467 /* GFS.h */ = {isa = PBXFileReference; fileEncoding = 4; lastKnownFileType = sourcecode.c.h; path = GFS.h; sourceTree = "<group>"; };
		6A5F46B117BBEEA500209467 /* GFS.m */ = {isa = PBXFileReference; fileEncoding = 4; lastKnownFileType = sourcecode.c.objc; path = GFS.m; sourceTree = "<group>"; };
		6A5F46B817BBEF0500209467 /* GFSTests.octest */ = {isa = PBXFileReference; explicitFileType = wrapper.cfbundle; includeInIndex = 0; path = GFSTests.octest; sourceTree = BUILT_PRODUCTS_DIR; };
		6A5F46BD17BBEF0500209467 /* GFSTests-Info.plist */ = {isa = PBXFileReference; lastKnownFileType = text.plist.xml; path = "GFSTests-Info.plist"; sourceTree = "<group>"; };
		6A5F46BF17BBEF0500209467 /* en */ = {isa = PBXFileReference; lastKnownFileType = text.plist.strings; name = en; path = en.lproj/InfoPlist.strings; sourceTree = "<group>"; };
		6A5F46C117BBEF0500209467 /* GFSTests.m */ = {isa = PBXFileReference; lastKnownFileType = sourcecode.c.objc; path = GFSTests.m; sourceTree = "<group>"; };
		6A5F46C317BBEF0500209467 /* GFSTests-Prefix.pch */ = {isa = PBXFileReference; lastKnownFileType = sourcecode.c.h; path = "GFSTests-Prefix.pch"; sourceTree = "<group>"; };
		6A69871B17BF7B9900BE4CC3 /* GPUScheduller.h */ = {isa = PBXFileReference; fileEncoding = 4; lastKnownFileType = sourcecode.c.h; path = GPUScheduller.h; sourceTree = "<group>"; };
		6A69871C17BF7B9900BE4CC3 /* GPUScheduller.m */ = {isa = PBXFileReference; fileEncoding = 4; lastKnownFileType = sourcecode.c.objc; path = GPUScheduller.m; sourceTree = "<group>"; };
		6A69872017BF7C0500BE4CC3 /* SOMA.h */ = {isa = PBXFileReference; fileEncoding = 4; lastKnownFileType = sourcecode.c.h; path = SOMA.h; sourceTree = "<group>"; };
		6A69872117BF7C0500BE4CC3 /* SOMA.m */ = {isa = PBXFileReference; fileEncoding = 4; lastKnownFileType = sourcecode.c.objc; path = SOMA.m; sourceTree = "<group>"; };
		6A80D0E517BE3830005A464D /* SenTestingKit.framework */ = {isa = PBXFileReference; lastKnownFileType = wrapper.framework; name = SenTestingKit.framework; path = Library/Frameworks/SenTestingKit.framework; sourceTree = DEVELOPER_DIR; };
		6AD4E33F17BEB5E800D3A326 /* GPU.h */ = {isa = PBXFileReference; fileEncoding = 4; lastKnownFileType = sourcecode.c.h; path = GPU.h; sourceTree = "<group>"; };
		6AD4E34017BEB5E800D3A326 /* GPU.m */ = {isa = PBXFileReference; fileEncoding = 4; lastKnownFileType = sourcecode.c.objc; path = GPU.m; sourceTree = "<group>"; };
		6AD4E34317BEB66E00D3A326 /* gpucalculate_kernel.cl */ = {isa = PBXFileReference; fileEncoding = 4; lastKnownFileType = sourcecode.opencl; path = gpucalculate_kernel.cl; sourceTree = "<group>"; };
		6AD4E34617BEB6A500D3A326 /* OpenCL.framework */ = {isa = PBXFileReference; lastKnownFileType = wrapper.framework; name = OpenCL.framework; path = System/Library/Frameworks/OpenCL.framework; sourceTree = SDKROOT; };
		6AD4E34C17BECC7B00D3A326 /* GPUTests.octest */ = {isa = PBXFileReference; explicitFileType = wrapper.cfbundle; includeInIndex = 0; path = GPUTests.octest; sourceTree = BUILT_PRODUCTS_DIR; };
		6AD4E35017BECC7B00D3A326 /* GPUTests-Info.plist */ = {isa = PBXFileReference; lastKnownFileType = text.plist.xml; path = "GPUTests-Info.plist"; sourceTree = "<group>"; };
		6AD4E35217BECC7B00D3A326 /* en */ = {isa = PBXFileReference; lastKnownFileType = text.plist.strings; name = en; path = en.lproj/InfoPlist.strings; sourceTree = "<group>"; };
		6AD4E35417BECC7B00D3A326 /* GPUTests.m */ = {isa = PBXFileReference; lastKnownFileType = sourcecode.c.objc; path = GPUTests.m; sourceTree = "<group>"; };
		6AD4E35617BECC7B00D3A326 /* GPUTests-Prefix.pch */ = {isa = PBXFileReference; lastKnownFileType = sourcecode.c.h; path = "GPUTests-Prefix.pch"; sourceTree = "<group>"; };
/* End PBXFileReference section */

/* Begin PBXFrameworksBuildPhase section */
		6A5F467617BBEE7500209467 /* Frameworks */ = {
			isa = PBXFrameworksBuildPhase;
			buildActionMask = 2147483647;
			files = (
				6A5F467D17BBEE7500209467 /* Cocoa.framework in Frameworks */,
			);
			runOnlyForDeploymentPostprocessing = 0;
		};
		6A5F46B517BBEF0500209467 /* Frameworks */ = {
			isa = PBXFrameworksBuildPhase;
			buildActionMask = 2147483647;
			files = (
				6AD4E34717BEB6A500D3A326 /* OpenCL.framework in Frameworks */,
				6A80D0E617BE3830005A464D /* SenTestingKit.framework in Frameworks */,
			);
			runOnlyForDeploymentPostprocessing = 0;
		};
		6AD4E34917BECC7B00D3A326 /* Frameworks */ = {
			isa = PBXFrameworksBuildPhase;
			buildActionMask = 2147483647;
			files = (
				6AD4E34D17BECC7B00D3A326 /* SenTestingKit.framework in Frameworks */,
			);
			runOnlyForDeploymentPostprocessing = 0;
		};
/* End PBXFrameworksBuildPhase section */

/* Begin PBXGroup section */
		6A5F467017BBEE7500209467 = {
			isa = PBXGroup;
			children = (
				6A5F468217BBEE7500209467 /* SymbolicRegression */,
				6A5F46BB17BBEF0500209467 /* GFSTests */,
				6AD4E34E17BECC7B00D3A326 /* GPUTests */,
				6A5F467B17BBEE7500209467 /* Frameworks */,
				6A5F467A17BBEE7500209467 /* Products */,
			);
			sourceTree = "<group>";
		};
		6A5F467A17BBEE7500209467 /* Products */ = {
			isa = PBXGroup;
			children = (
				6A5F467917BBEE7500209467 /* SymbolicRegression.app */,
				6A5F46B817BBEF0500209467 /* GFSTests.octest */,
				6AD4E34C17BECC7B00D3A326 /* GPUTests.octest */,
			);
			name = Products;
			sourceTree = "<group>";
		};
		6A5F467B17BBEE7500209467 /* Frameworks */ = {
			isa = PBXGroup;
			children = (
				6AD4E34617BEB6A500D3A326 /* OpenCL.framework */,
				6A80D0E517BE3830005A464D /* SenTestingKit.framework */,
				6A5F467C17BBEE7500209467 /* Cocoa.framework */,
				6A5F467E17BBEE7500209467 /* Other Frameworks */,
			);
			name = Frameworks;
			sourceTree = "<group>";
		};
		6A5F467E17BBEE7500209467 /* Other Frameworks */ = {
			isa = PBXGroup;
			children = (
				6A5F467F17BBEE7500209467 /* AppKit.framework */,
				6A5F468017BBEE7500209467 /* CoreData.framework */,
				6A5F468117BBEE7500209467 /* Foundation.framework */,
			);
			name = "Other Frameworks";
			sourceTree = "<group>";
		};
		6A5F468217BBEE7500209467 /* SymbolicRegression */ = {
			isa = PBXGroup;
			children = (
				6A592B3A17C1279900B6A2C5 /* DataSet.h */,
				6A592B3B17C1279900B6A2C5 /* DataSet.m */,
				6A592B3C17C1279900B6A2C5 /* GA.h */,
				6A592B3D17C1279900B6A2C5 /* GA.m */,
				6A5F468E17BBEE7500209467 /* AppDelegate.h */,
				6A5F468F17BBEE7500209467 /* AppDelegate.m */,
				6A5F469117BBEE7500209467 /* MainMenu.xib */,
				6A5F469417BBEE7500209467 /* Images.xcassets */,
				6A5F468317BBEE7500209467 /* Supporting Files */,
				6A5F46B017BBEEA500209467 /* GFS.h */,
				6A5F46B117BBEEA500209467 /* GFS.m */,
				6AD4E33F17BEB5E800D3A326 /* GPU.h */,
				6AD4E34017BEB5E800D3A326 /* GPU.m */,
				6AD4E34317BEB66E00D3A326 /* gpucalculate_kernel.cl */,
				6A69871B17BF7B9900BE4CC3 /* GPUScheduller.h */,
				6A69871C17BF7B9900BE4CC3 /* GPUScheduller.m */,
				6A69872017BF7C0500BE4CC3 /* SOMA.h */,
				6A69872117BF7C0500BE4CC3 /* SOMA.m */,
				6A48674917BF862B001468B7 /* GFSFunctions.h */,
				6A48674A17BF862B001468B7 /* GFSFunctions.m */,
			);
			path = SymbolicRegression;
			sourceTree = "<group>";
		};
		6A5F468317BBEE7500209467 /* Supporting Files */ = {
			isa = PBXGroup;
			children = (
				6A5F468417BBEE7500209467 /* SymbolicRegression-Info.plist */,
				6A5F468517BBEE7500209467 /* InfoPlist.strings */,
				6A5F468817BBEE7500209467 /* main.m */,
				6A5F468A17BBEE7500209467 /* SymbolicRegression-Prefix.pch */,
				6A5F468B17BBEE7500209467 /* Credits.rtf */,
			);
			name = "Supporting Files";
			sourceTree = "<group>";
		};
		6A5F46BB17BBEF0500209467 /* GFSTests */ = {
			isa = PBXGroup;
			children = (
				6A5F46C117BBEF0500209467 /* GFSTests.m */,
				6A5F46BC17BBEF0500209467 /* Supporting Files */,
			);
			path = GFSTests;
			sourceTree = "<group>";
		};
		6A5F46BC17BBEF0500209467 /* Supporting Files */ = {
			isa = PBXGroup;
			children = (
				6A5F46BD17BBEF0500209467 /* GFSTests-Info.plist */,
				6A5F46BE17BBEF0500209467 /* InfoPlist.strings */,
				6A5F46C317BBEF0500209467 /* GFSTests-Prefix.pch */,
			);
			name = "Supporting Files";
			sourceTree = "<group>";
		};
		6AD4E34E17BECC7B00D3A326 /* GPUTests */ = {
			isa = PBXGroup;
			children = (
				6AD4E35417BECC7B00D3A326 /* GPUTests.m */,
				6AD4E34F17BECC7B00D3A326 /* Supporting Files */,
			);
			path = GPUTests;
			sourceTree = "<group>";
		};
		6AD4E34F17BECC7B00D3A326 /* Supporting Files */ = {
			isa = PBXGroup;
			children = (
				6AD4E35017BECC7B00D3A326 /* GPUTests-Info.plist */,
				6AD4E35117BECC7B00D3A326 /* InfoPlist.strings */,
				6AD4E35617BECC7B00D3A326 /* GPUTests-Prefix.pch */,
			);
			name = "Supporting Files";
			sourceTree = "<group>";
		};
/* End PBXGroup section */

/* Begin PBXNativeTarget section */
		6A5F467817BBEE7500209467 /* SymbolicRegression */ = {
			isa = PBXNativeTarget;
			buildConfigurationList = 6A5F46AA17BBEE7500209467 /* Build configuration list for PBXNativeTarget "SymbolicRegression" */;
			buildPhases = (
				6A5F467517BBEE7500209467 /* Sources */,
				6A5F467617BBEE7500209467 /* Frameworks */,
				6A5F467717BBEE7500209467 /* Resources */,
			);
			buildRules = (
			);
			dependencies = (
			);
			name = SymbolicRegression;
			productName = SymbolicRegression;
			productReference = 6A5F467917BBEE7500209467 /* SymbolicRegression.app */;
			productType = "com.apple.product-type.application";
		};
		6A5F46B717BBEF0500209467 /* GFSTests */ = {
			isa = PBXNativeTarget;
			buildConfigurationList = 6A5F46C617BBEF0500209467 /* Build configuration list for PBXNativeTarget "GFSTests" */;
			buildPhases = (
				6A5F46B417BBEF0500209467 /* Sources */,
				6A5F46B517BBEF0500209467 /* Frameworks */,
				6A5F46B617BBEF0500209467 /* Resources */,
			);
			buildRules = (
			);
			dependencies = (
				6A5F46C517BBEF0500209467 /* PBXTargetDependency */,
			);
			name = GFSTests;
			productName = GFSTests;
			productReference = 6A5F46B817BBEF0500209467 /* GFSTests.octest */;
			productType = "com.apple.product-type.bundle";
		};
		6AD4E34B17BECC7B00D3A326 /* GPUTests */ = {
			isa = PBXNativeTarget;
			buildConfigurationList = 6AD4E35917BECC7B00D3A326 /* Build configuration list for PBXNativeTarget "GPUTests" */;
			buildPhases = (
				6AD4E34817BECC7B00D3A326 /* Sources */,
				6AD4E34917BECC7B00D3A326 /* Frameworks */,
				6AD4E34A17BECC7B00D3A326 /* Resources */,
			);
			buildRules = (
			);
			dependencies = (
				6AD4E35817BECC7B00D3A326 /* PBXTargetDependency */,
			);
			name = GPUTests;
			productName = GPUTests;
			productReference = 6AD4E34C17BECC7B00D3A326 /* GPUTests.octest */;
			productType = "com.apple.product-type.bundle";
		};
/* End PBXNativeTarget section */

/* Begin PBXProject section */
		6A5F467117BBEE7500209467 /* Project object */ = {
			isa = PBXProject;
			attributes = {
				LastUpgradeCheck = 0500;
				ORGANIZATIONNAME = "Michal Cisarik";
				TargetAttributes = {
					6A5F46B717BBEF0500209467 = {
						TestTargetID = 6A5F467817BBEE7500209467;
					};
					6AD4E34B17BECC7B00D3A326 = {
						TestTargetID = 6A5F467817BBEE7500209467;
					};
				};
			};
			buildConfigurationList = 6A5F467417BBEE7500209467 /* Build configuration list for PBXProject "SymbolicRegression" */;
			compatibilityVersion = "Xcode 3.2";
			developmentRegion = English;
			hasScannedForEncodings = 0;
			knownRegions = (
				en,
				Base,
			);
			mainGroup = 6A5F467017BBEE7500209467;
			productRefGroup = 6A5F467A17BBEE7500209467 /* Products */;
			projectDirPath = "";
			projectRoot = "";
			targets = (
				6A5F467817BBEE7500209467 /* SymbolicRegression */,
				6A5F46B717BBEF0500209467 /* GFSTests */,
				6AD4E34B17BECC7B00D3A326 /* GPUTests */,
			);
		};
/* End PBXProject section */

/* Begin PBXResourcesBuildPhase section */
		6A5F467717BBEE7500209467 /* Resources */ = {
			isa = PBXResourcesBuildPhase;
			buildActionMask = 2147483647;
			files = (
				6A5F468717BBEE7500209467 /* InfoPlist.strings in Resources */,
				6A5F469517BBEE7500209467 /* Images.xcassets in Resources */,
				6A5F468D17BBEE7500209467 /* Credits.rtf in Resources */,
				6A5F469317BBEE7500209467 /* MainMenu.xib in Resources */,
			);
			runOnlyForDeploymentPostprocessing = 0;
		};
		6A5F46B617BBEF0500209467 /* Resources */ = {
			isa = PBXResourcesBuildPhase;
			buildActionMask = 2147483647;
			files = (
				6A5F46C017BBEF0500209467 /* InfoPlist.strings in Resources */,
			);
			runOnlyForDeploymentPostprocessing = 0;
		};
		6AD4E34A17BECC7B00D3A326 /* Resources */ = {
			isa = PBXResourcesBuildPhase;
			buildActionMask = 2147483647;
			files = (
				6AD4E35317BECC7B00D3A326 /* InfoPlist.strings in Resources */,
			);
			runOnlyForDeploymentPostprocessing = 0;
		};
/* End PBXResourcesBuildPhase section */

/* Begin PBXSourcesBuildPhase section */
		6A5F467517BBEE7500209467 /* Sources */ = {
			isa = PBXSourcesBuildPhase;
			buildActionMask = 2147483647;
			files = (
				6AD4E34117BEB5E800D3A326 /* GPU.m in Sources */,
				6A69871D17BF7B9900BE4CC3 /* GPUScheduller.m in Sources */,
				6A48674B17BF862B001468B7 /* GFSFunctions.m in Sources */,
				6A592B4117C1279900B6A2C5 /* GA.m in Sources */,
				6A5F46B217BBEEA500209467 /* GFS.m in Sources */,
				6A5F469017BBEE7500209467 /* AppDelegate.m in Sources */,
				6A592B3E17C1279900B6A2C5 /* DataSet.m in Sources */,
				6A5F468917BBEE7500209467 /* main.m in Sources */,
				6A69872217BF7C0500BE4CC3 /* SOMA.m in Sources */,
				6AD4E34417BEB66E00D3A326 /* gpucalculate_kernel.cl in Sources */,
			);
			runOnlyForDeploymentPostprocessing = 0;
		};
		6A5F46B417BBEF0500209467 /* Sources */ = {
			isa = PBXSourcesBuildPhase;
			buildActionMask = 2147483647;
			files = (
				6A592B2F17C124FD00B6A2C5 /* GFS.h in Sources */,
				6A5F46C217BBEF0500209467 /* GFSTests.m in Sources */,
				6A592B3F17C1279900B6A2C5 /* DataSet.m in Sources */,
				6A592B4217C1279900B6A2C5 /* GA.m in Sources */,
			);
			runOnlyForDeploymentPostprocessing = 0;
		};
		6AD4E34817BECC7B00D3A326 /* Sources */ = {
			isa = PBXSourcesBuildPhase;
			buildActionMask = 2147483647;
			files = (
				6A48674E17BF8DB2001468B7 /* gpucalculate_kernel.cl in Sources */,
				6AD4E35517BECC7B00D3A326 /* GPUTests.m in Sources */,
				6A592B4017C1279900B6A2C5 /* DataSet.m in Sources */,
				6A69872417BF7C0500BE4CC3 /* SOMA.m in Sources */,
				6A48674D17BF862B001468B7 /* GFSFunctions.m in Sources */,
				6A69871F17BF7B9900BE4CC3 /* GPUScheduller.m in Sources */,
				6A592B4317C1279900B6A2C5 /* GA.m in Sources */,
			);
			runOnlyForDeploymentPostprocessing = 0;
		};
/* End PBXSourcesBuildPhase section */

/* Begin PBXTargetDependency section */
		6A5F46C517BBEF0500209467 /* PBXTargetDependency */ = {
			isa = PBXTargetDependency;
			target = 6A5F467817BBEE7500209467 /* SymbolicRegression */;
			targetProxy = 6A5F46C417BBEF0500209467 /* PBXContainerItemProxy */;
		};
		6AD4E35817BECC7B00D3A326 /* PBXTargetDependency */ = {
			isa = PBXTargetDependency;
			target = 6A5F467817BBEE7500209467 /* SymbolicRegression */;
			targetProxy = 6AD4E35717BECC7B00D3A326 /* PBXContainerItemProxy */;
		};
/* End PBXTargetDependency section */

/* Begin PBXVariantGroup section */
		6A5F468517BBEE7500209467 /* InfoPlist.strings */ = {
			isa = PBXVariantGroup;
			children = (
				6A5F468617BBEE7500209467 /* en */,
			);
			name = InfoPlist.strings;
			sourceTree = "<group>";
		};
		6A5F468B17BBEE7500209467 /* Credits.rtf */ = {
			isa = PBXVariantGroup;
			children = (
				6A5F468C17BBEE7500209467 /* en */,
			);
			name = Credits.rtf;
			sourceTree = "<group>";
		};
		6A5F469117BBEE7500209467 /* MainMenu.xib */ = {
			isa = PBXVariantGroup;
			children = (
				6A5F469217BBEE7500209467 /* Base */,
			);
			name = MainMenu.xib;
			sourceTree = "<group>";
		};
		6A5F46BE17BBEF0500209467 /* InfoPlist.strings */ = {
			isa = PBXVariantGroup;
			children = (
				6A5F46BF17BBEF0500209467 /* en */,
			);
			name = InfoPlist.strings;
			sourceTree = "<group>";
		};
		6AD4E35117BECC7B00D3A326 /* InfoPlist.strings */ = {
			isa = PBXVariantGroup;
			children = (
				6AD4E35217BECC7B00D3A326 /* en */,
			);
			name = InfoPlist.strings;
			sourceTree = "<group>";
		};
/* End PBXVariantGroup section */

/* Begin XCBuildConfiguration section */
		6A5F46A817BBEE7500209467 /* Debug */ = {
			isa = XCBuildConfiguration;
			buildSettings = {
				ALWAYS_SEARCH_USER_PATHS = NO;
				CLANG_CXX_LANGUAGE_STANDARD = "gnu++0x";
				CLANG_CXX_LIBRARY = "libc++";
				CLANG_ENABLE_MODULES = YES;
				CLANG_ENABLE_OBJC_ARC = YES;
				CLANG_WARN_BOOL_CONVERSION = YES;
				CLANG_WARN_CONSTANT_CONVERSION = YES;
				CLANG_WARN_DIRECT_OBJC_ISA_USAGE = YES_ERROR;
				CLANG_WARN_EMPTY_BODY = YES;
				CLANG_WARN_ENUM_CONVERSION = YES;
				CLANG_WARN_INT_CONVERSION = YES;
				CLANG_WARN_OBJC_ROOT_CLASS = YES_ERROR;
				CLANG_WARN__DUPLICATE_METHOD_MATCH = YES;
				COPY_PHASE_STRIP = NO;
				GCC_C_LANGUAGE_STANDARD = gnu99;
				GCC_DYNAMIC_NO_PIC = NO;
				GCC_ENABLE_OBJC_EXCEPTIONS = YES;
				GCC_OPTIMIZATION_LEVEL = 0;
				GCC_PREPROCESSOR_DEFINITIONS = (
					"DEBUG=1",
					"$(inherited)",
				);
				GCC_SYMBOLS_PRIVATE_EXTERN = NO;
				GCC_WARN_64_TO_32_BIT_CONVERSION = YES;
				GCC_WARN_ABOUT_RETURN_TYPE = YES_ERROR;
				GCC_WARN_UNDECLARED_SELECTOR = YES;
				GCC_WARN_UNINITIALIZED_AUTOS = YES;
				GCC_WARN_UNUSED_FUNCTION = YES;
				GCC_WARN_UNUSED_VARIABLE = YES;
				MACOSX_DEPLOYMENT_TARGET = 10.8;
				ONLY_ACTIVE_ARCH = YES;
				SDKROOT = macosx;
			};
			name = Debug;
		};
		6A5F46A917BBEE7500209467 /* Release */ = {
			isa = XCBuildConfiguration;
			buildSettings = {
				ALWAYS_SEARCH_USER_PATHS = NO;
				CLANG_CXX_LANGUAGE_STANDARD = "gnu++0x";
				CLANG_CXX_LIBRARY = "libc++";
				CLANG_ENABLE_MODULES = YES;
				CLANG_ENABLE_OBJC_ARC = YES;
				CLANG_WARN_BOOL_CONVERSION = YES;
				CLANG_WARN_CONSTANT_CONVERSION = YES;
				CLANG_WARN_DIRECT_OBJC_ISA_USAGE = YES_ERROR;
				CLANG_WARN_EMPTY_BODY = YES;
				CLANG_WARN_ENUM_CONVERSION = YES;
				CLANG_WARN_INT_CONVERSION = YES;
				CLANG_WARN_OBJC_ROOT_CLASS = YES_ERROR;
				CLANG_WARN__DUPLICATE_METHOD_MATCH = YES;
				COPY_PHASE_STRIP = YES;
				DEBUG_INFORMATION_FORMAT = "dwarf-with-dsym";
				ENABLE_NS_ASSERTIONS = NO;
				GCC_C_LANGUAGE_STANDARD = gnu99;
				GCC_ENABLE_OBJC_EXCEPTIONS = YES;
				GCC_WARN_64_TO_32_BIT_CONVERSION = YES;
				GCC_WARN_ABOUT_RETURN_TYPE = YES_ERROR;
				GCC_WARN_UNDECLARED_SELECTOR = YES;
				GCC_WARN_UNINITIALIZED_AUTOS = YES;
				GCC_WARN_UNUSED_FUNCTION = YES;
				GCC_WARN_UNUSED_VARIABLE = YES;
				MACOSX_DEPLOYMENT_TARGET = 10.8;
				SDKROOT = macosx;
			};
			name = Release;
		};
		6A5F46AB17BBEE7500209467 /* Debug */ = {
			isa = XCBuildConfiguration;
			buildSettings = {
				ASSETCATALOG_COMPILER_APPICON_NAME = AppIcon;
				COMBINE_HIDPI_IMAGES = YES;
				GCC_PRECOMPILE_PREFIX_HEADER = YES;
				GCC_PREFIX_HEADER = "SymbolicRegression/SymbolicRegression-Prefix.pch";
				INFOPLIST_FILE = "SymbolicRegression/SymbolicRegression-Info.plist";
				PRODUCT_NAME = "$(TARGET_NAME)";
				WRAPPER_EXTENSION = app;
			};
			name = Debug;
		};
		6A5F46AC17BBEE7500209467 /* Release */ = {
			isa = XCBuildConfiguration;
			buildSettings = {
				ASSETCATALOG_COMPILER_APPICON_NAME = AppIcon;
				COMBINE_HIDPI_IMAGES = YES;
				GCC_PRECOMPILE_PREFIX_HEADER = YES;
				GCC_PREFIX_HEADER = "SymbolicRegression/SymbolicRegression-Prefix.pch";
				INFOPLIST_FILE = "SymbolicRegression/SymbolicRegression-Info.plist";
				PRODUCT_NAME = "$(TARGET_NAME)";
				WRAPPER_EXTENSION = app;
			};
			name = Release;
		};
		6A5F46C717BBEF0500209467 /* Debug */ = {
			isa = XCBuildConfiguration;
			buildSettings = {
				BUNDLE_LOADER = "$(BUILT_PRODUCTS_DIR)/SymbolicRegression.app/Contents/MacOS/SymbolicRegression";
				FRAMEWORK_SEARCH_PATHS = (
					"$(DEVELOPER_FRAMEWORKS_DIR)",
					"$(inherited)",
					"$(SRCROOT)",
				);
				GCC_PRECOMPILE_PREFIX_HEADER = YES;
				GCC_PREFIX_HEADER = "GFSTests/GFSTests-Prefix.pch";
				GCC_PREPROCESSOR_DEFINITIONS = (
					"DEBUG=1",
					"$(inherited)",
				);
				INFOPLIST_FILE = "GFSTests/GFSTests-Info.plist";
				PRODUCT_NAME = "$(TARGET_NAME)";
				TEST_HOST = "$(BUNDLE_LOADER)";
				WRAPPER_EXTENSION = octest;
			};
			name = Debug;
		};
		6A5F46C817BBEF0500209467 /* Release */ = {
			isa = XCBuildConfiguration;
			buildSettings = {
				BUNDLE_LOADER = "$(BUILT_PRODUCTS_DIR)/SymbolicRegression.app/Contents/MacOS/SymbolicRegression";
				FRAMEWORK_SEARCH_PATHS = (
					"$(DEVELOPER_FRAMEWORKS_DIR)",
					"$(inherited)",
					"$(SRCROOT)",
				);
				GCC_PRECOMPILE_PREFIX_HEADER = YES;
				GCC_PREFIX_HEADER = "GFSTests/GFSTests-Prefix.pch";
				INFOPLIST_FILE = "GFSTests/GFSTests-Info.plist";
				PRODUCT_NAME = "$(TARGET_NAME)";
				TEST_HOST = "$(BUNDLE_LOADER)";
				WRAPPER_EXTENSION = octest;
			};
			name = Release;
		};
		6AD4E35A17BECC7B00D3A326 /* Debug */ = {
			isa = XCBuildConfiguration;
			buildSettings = {
				BUNDLE_LOADER = "$(BUILT_PRODUCTS_DIR)/SymbolicRegression.app/Contents/MacOS/SymbolicRegression";
				FRAMEWORK_SEARCH_PATHS = (
					"$(DEVELOPER_FRAMEWORKS_DIR)",
					"$(inherited)",
				);
				GCC_PRECOMPILE_PREFIX_HEADER = YES;
				GCC_PREFIX_HEADER = "GPUTests/GPUTests-Prefix.pch";
				GCC_PREPROCESSOR_DEFINITIONS = (
					"DEBUG=1",
					"$(inherited)",
				);
				INFOPLIST_FILE = "GPUTests/GPUTests-Info.plist";
				PRODUCT_NAME = "$(TARGET_NAME)";
				TEST_HOST = "$(BUNDLE_LOADER)";
				WRAPPER_EXTENSION = octest;
			};
			name = Debug;
		};
		6AD4E35B17BECC7B00D3A326 /* Release */ = {
			isa = XCBuildConfiguration;
			buildSettings = {
				BUNDLE_LOADER = "$(BUILT_PRODUCTS_DIR)/SymbolicRegression.app/Contents/MacOS/SymbolicRegression";
				FRAMEWORK_SEARCH_PATHS = (
					"$(DEVELOPER_FRAMEWORKS_DIR)",
					"$(inherited)",
				);
				GCC_PRECOMPILE_PREFIX_HEADER = YES;
				GCC_PREFIX_HEADER = "GPUTests/GPUTests-Prefix.pch";
				INFOPLIST_FILE = "GPUTests/GPUTests-Info.plist";
				PRODUCT_NAME = "$(TARGET_NAME)";
				TEST_HOST = "$(BUNDLE_LOADER)";
				WRAPPER_EXTENSION = octest;
			};
			name = Release;
		};
/* End XCBuildConfiguration section */

/* Begin XCConfigurationList section */
		6A5F467417BBEE7500209467 /* Build configuration list for PBXProject "SymbolicRegression" */ = {
			isa = XCConfigurationList;
			buildConfigurations = (
				6A5F46A817BBEE7500209467 /* Debug */,
				6A5F46A917BBEE7500209467 /* Release */,
			);
			defaultConfigurationIsVisible = 0;
			defaultConfigurationName = Release;
		};
		6A5F46AA17BBEE7500209467 /* Build configuration list for PBXNativeTarget "SymbolicRegression" */ = {
			isa = XCConfigurationList;
			buildConfigurations = (
				6A5F46AB17BBEE7500209467 /* Debug */,
				6A5F46AC17BBEE7500209467 /* Release */,
			);
			defaultConfigurationIsVisible = 0;
			defaultConfigurationName = Release;
		};
		6A5F46C617BBEF0500209467 /* Build configuration list for PBXNativeTarget "GFSTests" */ = {
			isa = XCConfigurationList;
			buildConfigurations = (
				6A5F46C717BBEF0500209467 /* Debug */,
				6A5F46C817BBEF0500209467 /* Release */,
			);
			defaultConfigurationIsVisible = 0;
			defaultConfigurationName = Release;
		};
		6AD4E35917BECC7B00D3A326 /* Build configuration list for PBXNativeTarget "GPUTests" */ = {
			isa = XCConfigurationList;
			buildConfigurations = (
				6AD4E35A17BECC7B00D3A326 /* Debug */,
				6AD4E35B17BECC7B00D3A326 /* Release */,
			);
			defaultConfigurationIsVisible = 0;
			defaultConfigurationName = Release;
		};
/* End XCConfigurationList section */
	};
	rootObject = 6A5F467117BBEE7500209467 /* Project object */;
}
